// !$*UTF8*$!
{
	archiveVersion = 1;
	classes = {
	};
	objectVersion = 56;
	objects = {

/* Begin PBXBuildFile section */
		C7BF816A2AB7CED50073104E /* Link_SaverApp.swift in Sources */ = {isa = PBXBuildFile; fileRef = C7BF81692AB7CED50073104E /* Link_SaverApp.swift */; };
		C7BF816C2AB7CED50073104E /* ContentView.swift in Sources */ = {isa = PBXBuildFile; fileRef = C7BF816B2AB7CED50073104E /* ContentView.swift */; };
		C7BF816E2AB7CED70073104E /* Assets.xcassets in Resources */ = {isa = PBXBuildFile; fileRef = C7BF816D2AB7CED70073104E /* Assets.xcassets */; };
		C7BF81712AB7CED70073104E /* Preview Assets.xcassets in Resources */ = {isa = PBXBuildFile; fileRef = C7BF81702AB7CED70073104E /* Preview Assets.xcassets */; };
		C7BF817C2AB7CED70073104E /* Link_SaverTests.swift in Sources */ = {isa = PBXBuildFile; fileRef = C7BF817B2AB7CED70073104E /* Link_SaverTests.swift */; };
		C7BF81862AB7CED70073104E /* Link_SaverUITests.swift in Sources */ = {isa = PBXBuildFile; fileRef = C7BF81852AB7CED70073104E /* Link_SaverUITests.swift */; };
		C7BF81882AB7CED70073104E /* Link_SaverUITestsLaunchTests.swift in Sources */ = {isa = PBXBuildFile; fileRef = C7BF81872AB7CED70073104E /* Link_SaverUITestsLaunchTests.swift */; };
		C7BF81962AB7D1180073104E /* AppDelegate.swift in Sources */ = {isa = PBXBuildFile; fileRef = C7BF81952AB7D1180073104E /* AppDelegate.swift */; };
/* End PBXBuildFile section */

/* Begin PBXContainerItemProxy section */
		C7BF81782AB7CED70073104E /* PBXContainerItemProxy */ = {
			isa = PBXContainerItemProxy;
			containerPortal = C7BF815E2AB7CED50073104E /* Project object */;
			proxyType = 1;
			remoteGlobalIDString = C7BF81652AB7CED50073104E;
			remoteInfo = "Link Saver";
		};
		C7BF81822AB7CED70073104E /* PBXContainerItemProxy */ = {
			isa = PBXContainerItemProxy;
			containerPortal = C7BF815E2AB7CED50073104E /* Project object */;
			proxyType = 1;
			remoteGlobalIDString = C7BF81652AB7CED50073104E;
			remoteInfo = "Link Saver";
		};
/* End PBXContainerItemProxy section */

/* Begin PBXFileReference section */
		C7BF81662AB7CED50073104E /* Link Saver.app */ = {isa = PBXFileReference; explicitFileType = wrapper.application; includeInIndex = 0; path = "Link Saver.app"; sourceTree = BUILT_PRODUCTS_DIR; };
		C7BF81692AB7CED50073104E /* Link_SaverApp.swift */ = {isa = PBXFileReference; lastKnownFileType = sourcecode.swift; path = Link_SaverApp.swift; sourceTree = "<group>"; };
		C7BF816B2AB7CED50073104E /* ContentView.swift */ = {isa = PBXFileReference; lastKnownFileType = sourcecode.swift; path = ContentView.swift; sourceTree = "<group>"; };
		C7BF816D2AB7CED70073104E /* Assets.xcassets */ = {isa = PBXFileReference; lastKnownFileType = folder.assetcatalog; path = Assets.xcassets; sourceTree = "<group>"; };
		C7BF81702AB7CED70073104E /* Preview Assets.xcassets */ = {isa = PBXFileReference; lastKnownFileType = folder.assetcatalog; path = "Preview Assets.xcassets"; sourceTree = "<group>"; };
		C7BF81722AB7CED70073104E /* Link_Saver.entitlements */ = {isa = PBXFileReference; lastKnownFileType = text.plist.entitlements; path = Link_Saver.entitlements; sourceTree = "<group>"; };
		C7BF81772AB7CED70073104E /* Link SaverTests.xctest */ = {isa = PBXFileReference; explicitFileType = wrapper.cfbundle; includeInIndex = 0; path = "Link SaverTests.xctest"; sourceTree = BUILT_PRODUCTS_DIR; };
		C7BF817B2AB7CED70073104E /* Link_SaverTests.swift */ = {isa = PBXFileReference; lastKnownFileType = sourcecode.swift; path = Link_SaverTests.swift; sourceTree = "<group>"; };
		C7BF81812AB7CED70073104E /* Link SaverUITests.xctest */ = {isa = PBXFileReference; explicitFileType = wrapper.cfbundle; includeInIndex = 0; path = "Link SaverUITests.xctest"; sourceTree = BUILT_PRODUCTS_DIR; };
		C7BF81852AB7CED70073104E /* Link_SaverUITests.swift */ = {isa = PBXFileReference; lastKnownFileType = sourcecode.swift; path = Link_SaverUITests.swift; sourceTree = "<group>"; };
		C7BF81872AB7CED70073104E /* Link_SaverUITestsLaunchTests.swift */ = {isa = PBXFileReference; lastKnownFileType = sourcecode.swift; path = Link_SaverUITestsLaunchTests.swift; sourceTree = "<group>"; };
		C7BF81942AB7CEF40073104E /* Link-Saver-Info.plist */ = {isa = PBXFileReference; lastKnownFileType = text.plist; path = "Link-Saver-Info.plist"; sourceTree = SOURCE_ROOT; };
		C7BF81952AB7D1180073104E /* AppDelegate.swift */ = {isa = PBXFileReference; lastKnownFileType = sourcecode.swift; path = AppDelegate.swift; sourceTree = "<group>"; };
/* End PBXFileReference section */

/* Begin PBXFrameworksBuildPhase section */
		C7BF81632AB7CED50073104E /* Frameworks */ = {
			isa = PBXFrameworksBuildPhase;
			buildActionMask = 2147483647;
			files = (
			);
			runOnlyForDeploymentPostprocessing = 0;
		};
		C7BF81742AB7CED70073104E /* Frameworks */ = {
			isa = PBXFrameworksBuildPhase;
			buildActionMask = 2147483647;
			files = (
			);
			runOnlyForDeploymentPostprocessing = 0;
		};
		C7BF817E2AB7CED70073104E /* Frameworks */ = {
			isa = PBXFrameworksBuildPhase;
			buildActionMask = 2147483647;
			files = (
			);
			runOnlyForDeploymentPostprocessing = 0;
		};
/* End PBXFrameworksBuildPhase section */

/* Begin PBXGroup section */
		C7BF815D2AB7CED50073104E = {
			isa = PBXGroup;
			children = (
				C7BF81682AB7CED50073104E /* Link Saver */,
				C7BF817A2AB7CED70073104E /* Link SaverTests */,
				C7BF81842AB7CED70073104E /* Link SaverUITests */,
				C7BF81672AB7CED50073104E /* Products */,
			);
			sourceTree = "<group>";
		};
		C7BF81672AB7CED50073104E /* Products */ = {
			isa = PBXGroup;
			children = (
				C7BF81662AB7CED50073104E /* Link Saver.app */,
				C7BF81772AB7CED70073104E /* Link SaverTests.xctest */,
				C7BF81812AB7CED70073104E /* Link SaverUITests.xctest */,
			);
			name = Products;
			sourceTree = "<group>";
		};
		C7BF81682AB7CED50073104E /* Link Saver */ = {
			isa = PBXGroup;
			children = (
				C7BF81942AB7CEF40073104E /* Link-Saver-Info.plist */,
				C7BF81692AB7CED50073104E /* Link_SaverApp.swift */,
				C7BF816B2AB7CED50073104E /* ContentView.swift */,
				C7BF816D2AB7CED70073104E /* Assets.xcassets */,
				C7BF81722AB7CED70073104E /* Link_Saver.entitlements */,
				C7BF816F2AB7CED70073104E /* Preview Content */,
				C7BF81952AB7D1180073104E /* AppDelegate.swift */,
			);
			path = "Link Saver";
			sourceTree = "<group>";
		};
		C7BF816F2AB7CED70073104E /* Preview Content */ = {
			isa = PBXGroup;
			children = (
				C7BF81702AB7CED70073104E /* Preview Assets.xcassets */,
			);
			path = "Preview Content";
			sourceTree = "<group>";
		};
		C7BF817A2AB7CED70073104E /* Link SaverTests */ = {
			isa = PBXGroup;
			children = (
				C7BF817B2AB7CED70073104E /* Link_SaverTests.swift */,
			);
			path = "Link SaverTests";
			sourceTree = "<group>";
		};
		C7BF81842AB7CED70073104E /* Link SaverUITests */ = {
			isa = PBXGroup;
			children = (
				C7BF81852AB7CED70073104E /* Link_SaverUITests.swift */,
				C7BF81872AB7CED70073104E /* Link_SaverUITestsLaunchTests.swift */,
			);
			path = "Link SaverUITests";
			sourceTree = "<group>";
		};
/* End PBXGroup section */

/* Begin PBXNativeTarget section */
		C7BF81652AB7CED50073104E /* Link Saver */ = {
			isa = PBXNativeTarget;
			buildConfigurationList = C7BF818B2AB7CED70073104E /* Build configuration list for PBXNativeTarget "Link Saver" */;
			buildPhases = (
				C7BF81622AB7CED50073104E /* Sources */,
				C7BF81632AB7CED50073104E /* Frameworks */,
				C7BF81642AB7CED50073104E /* Resources */,
			);
			buildRules = (
			);
			dependencies = (
			);
			name = "Link Saver";
			productName = "Link Saver";
			productReference = C7BF81662AB7CED50073104E /* Link Saver.app */;
			productType = "com.apple.product-type.application";
		};
		C7BF81762AB7CED70073104E /* Link SaverTests */ = {
			isa = PBXNativeTarget;
			buildConfigurationList = C7BF818E2AB7CED70073104E /* Build configuration list for PBXNativeTarget "Link SaverTests" */;
			buildPhases = (
				C7BF81732AB7CED70073104E /* Sources */,
				C7BF81742AB7CED70073104E /* Frameworks */,
				C7BF81752AB7CED70073104E /* Resources */,
			);
			buildRules = (
			);
			dependencies = (
				C7BF81792AB7CED70073104E /* PBXTargetDependency */,
			);
			name = "Link SaverTests";
			productName = "Link SaverTests";
			productReference = C7BF81772AB7CED70073104E /* Link SaverTests.xctest */;
			productType = "com.apple.product-type.bundle.unit-test";
		};
		C7BF81802AB7CED70073104E /* Link SaverUITests */ = {
			isa = PBXNativeTarget;
			buildConfigurationList = C7BF81912AB7CED70073104E /* Build configuration list for PBXNativeTarget "Link SaverUITests" */;
			buildPhases = (
				C7BF817D2AB7CED70073104E /* Sources */,
				C7BF817E2AB7CED70073104E /* Frameworks */,
				C7BF817F2AB7CED70073104E /* Resources */,
			);
			buildRules = (
			);
			dependencies = (
				C7BF81832AB7CED70073104E /* PBXTargetDependency */,
			);
			name = "Link SaverUITests";
			productName = "Link SaverUITests";
			productReference = C7BF81812AB7CED70073104E /* Link SaverUITests.xctest */;
			productType = "com.apple.product-type.bundle.ui-testing";
		};
/* End PBXNativeTarget section */

/* Begin PBXProject section */
		C7BF815E2AB7CED50073104E /* Project object */ = {
			isa = PBXProject;
			attributes = {
				BuildIndependentTargetsInParallel = 1;
				LastSwiftUpdateCheck = 1430;
				LastUpgradeCheck = 1430;
				TargetAttributes = {
					C7BF81652AB7CED50073104E = {
						CreatedOnToolsVersion = 14.3.1;
					};
					C7BF81762AB7CED70073104E = {
						CreatedOnToolsVersion = 14.3.1;
						TestTargetID = C7BF81652AB7CED50073104E;
					};
					C7BF81802AB7CED70073104E = {
						CreatedOnToolsVersion = 14.3.1;
						TestTargetID = C7BF81652AB7CED50073104E;
					};
				};
			};
			buildConfigurationList = C7BF81612AB7CED50073104E /* Build configuration list for PBXProject "Link Saver" */;
			compatibilityVersion = "Xcode 14.0";
			developmentRegion = en;
			hasScannedForEncodings = 0;
			knownRegions = (
				en,
				Base,
			);
			mainGroup = C7BF815D2AB7CED50073104E;
			productRefGroup = C7BF81672AB7CED50073104E /* Products */;
			projectDirPath = "";
			projectRoot = "";
			targets = (
				C7BF81652AB7CED50073104E /* Link Saver */,
				C7BF81762AB7CED70073104E /* Link SaverTests */,
				C7BF81802AB7CED70073104E /* Link SaverUITests */,
			);
		};
/* End PBXProject section */

/* Begin PBXResourcesBuildPhase section */
		C7BF81642AB7CED50073104E /* Resources */ = {
			isa = PBXResourcesBuildPhase;
			buildActionMask = 2147483647;
			files = (
				C7BF81712AB7CED70073104E /* Preview Assets.xcassets in Resources */,
				C7BF816E2AB7CED70073104E /* Assets.xcassets in Resources */,
			);
			runOnlyForDeploymentPostprocessing = 0;
		};
		C7BF81752AB7CED70073104E /* Resources */ = {
			isa = PBXResourcesBuildPhase;
			buildActionMask = 2147483647;
			files = (
			);
			runOnlyForDeploymentPostprocessing = 0;
		};
		C7BF817F2AB7CED70073104E /* Resources */ = {
			isa = PBXResourcesBuildPhase;
			buildActionMask = 2147483647;
			files = (
			);
			runOnlyForDeploymentPostprocessing = 0;
		};
/* End PBXResourcesBuildPhase section */

/* Begin PBXSourcesBuildPhase section */
		C7BF81622AB7CED50073104E /* Sources */ = {
			isa = PBXSourcesBuildPhase;
			buildActionMask = 2147483647;
			files = (
				C7BF81962AB7D1180073104E /* AppDelegate.swift in Sources */,
				C7BF816C2AB7CED50073104E /* ContentView.swift in Sources */,
				C7BF816A2AB7CED50073104E /* Link_SaverApp.swift in Sources */,
			);
			runOnlyForDeploymentPostprocessing = 0;
		};
		C7BF81732AB7CED70073104E /* Sources */ = {
			isa = PBXSourcesBuildPhase;
			buildActionMask = 2147483647;
			files = (
				C7BF817C2AB7CED70073104E /* Link_SaverTests.swift in Sources */,
			);
			runOnlyForDeploymentPostprocessing = 0;
		};
		C7BF817D2AB7CED70073104E /* Sources */ = {
			isa = PBXSourcesBuildPhase;
			buildActionMask = 2147483647;
			files = (
				C7BF81882AB7CED70073104E /* Link_SaverUITestsLaunchTests.swift in Sources */,
				C7BF81862AB7CED70073104E /* Link_SaverUITests.swift in Sources */,
			);
			runOnlyForDeploymentPostprocessing = 0;
		};
/* End PBXSourcesBuildPhase section */

/* Begin PBXTargetDependency section */
		C7BF81792AB7CED70073104E /* PBXTargetDependency */ = {
			isa = PBXTargetDependency;
			target = C7BF81652AB7CED50073104E /* Link Saver */;
			targetProxy = C7BF81782AB7CED70073104E /* PBXContainerItemProxy */;
		};
		C7BF81832AB7CED70073104E /* PBXTargetDependency */ = {
			isa = PBXTargetDependency;
			target = C7BF81652AB7CED50073104E /* Link Saver */;
			targetProxy = C7BF81822AB7CED70073104E /* PBXContainerItemProxy */;
		};
/* End PBXTargetDependency section */

/* Begin XCBuildConfiguration section */
		C7BF81892AB7CED70073104E /* Debug */ = {
			isa = XCBuildConfiguration;
			buildSettings = {
				ALWAYS_SEARCH_USER_PATHS = NO;
				CLANG_ANALYZER_NONNULL = YES;
				CLANG_ANALYZER_NUMBER_OBJECT_CONVERSION = YES_AGGRESSIVE;
				CLANG_CXX_LANGUAGE_STANDARD = "gnu++20";
				CLANG_ENABLE_MODULES = YES;
				CLANG_ENABLE_OBJC_ARC = YES;
				CLANG_ENABLE_OBJC_WEAK = YES;
				CLANG_WARN_BLOCK_CAPTURE_AUTORELEASING = YES;
				CLANG_WARN_BOOL_CONVERSION = YES;
				CLANG_WARN_COMMA = YES;
				CLANG_WARN_CONSTANT_CONVERSION = YES;
				CLANG_WARN_DEPRECATED_OBJC_IMPLEMENTATIONS = YES;
				CLANG_WARN_DIRECT_OBJC_ISA_USAGE = YES_ERROR;
				CLANG_WARN_DOCUMENTATION_COMMENTS = YES;
				CLANG_WARN_EMPTY_BODY = YES;
				CLANG_WARN_ENUM_CONVERSION = YES;
				CLANG_WARN_INFINITE_RECURSION = YES;
				CLANG_WARN_INT_CONVERSION = YES;
				CLANG_WARN_NON_LITERAL_NULL_CONVERSION = YES;
				CLANG_WARN_OBJC_IMPLICIT_RETAIN_SELF = YES;
				CLANG_WARN_OBJC_LITERAL_CONVERSION = YES;
				CLANG_WARN_OBJC_ROOT_CLASS = YES_ERROR;
				CLANG_WARN_QUOTED_INCLUDE_IN_FRAMEWORK_HEADER = YES;
				CLANG_WARN_RANGE_LOOP_ANALYSIS = YES;
				CLANG_WARN_STRICT_PROTOTYPES = YES;
				CLANG_WARN_SUSPICIOUS_MOVE = YES;
				CLANG_WARN_UNGUARDED_AVAILABILITY = YES_AGGRESSIVE;
				CLANG_WARN_UNREACHABLE_CODE = YES;
				CLANG_WARN__DUPLICATE_METHOD_MATCH = YES;
				COPY_PHASE_STRIP = NO;
				DEBUG_INFORMATION_FORMAT = dwarf;
				ENABLE_STRICT_OBJC_MSGSEND = YES;
				ENABLE_TESTABILITY = YES;
				GCC_C_LANGUAGE_STANDARD = gnu11;
				GCC_DYNAMIC_NO_PIC = NO;
				GCC_NO_COMMON_BLOCKS = YES;
				GCC_OPTIMIZATION_LEVEL = 0;
				GCC_PREPROCESSOR_DEFINITIONS = (
					"DEBUG=1",
					"$(inherited)",
				);
				GCC_WARN_64_TO_32_BIT_CONVERSION = YES;
				GCC_WARN_ABOUT_RETURN_TYPE = YES_ERROR;
				GCC_WARN_UNDECLARED_SELECTOR = YES;
				GCC_WARN_UNINITIALIZED_AUTOS = YES_AGGRESSIVE;
				GCC_WARN_UNUSED_FUNCTION = YES;
				GCC_WARN_UNUSED_VARIABLE = YES;
				MACOSX_DEPLOYMENT_TARGET = 13.3;
				MTL_ENABLE_DEBUG_INFO = INCLUDE_SOURCE;
				MTL_FAST_MATH = YES;
				ONLY_ACTIVE_ARCH = YES;
				SDKROOT = macosx;
				SWIFT_ACTIVE_COMPILATION_CONDITIONS = DEBUG;
				SWIFT_OPTIMIZATION_LEVEL = "-Onone";
			};
			name = Debug;
		};
		C7BF818A2AB7CED70073104E /* Release */ = {
			isa = XCBuildConfiguration;
			buildSettings = {
				ALWAYS_SEARCH_USER_PATHS = NO;
				CLANG_ANALYZER_NONNULL = YES;
				CLANG_ANALYZER_NUMBER_OBJECT_CONVERSION = YES_AGGRESSIVE;
				CLANG_CXX_LANGUAGE_STANDARD = "gnu++20";
				CLANG_ENABLE_MODULES = YES;
				CLANG_ENABLE_OBJC_ARC = YES;
				CLANG_ENABLE_OBJC_WEAK = YES;
				CLANG_WARN_BLOCK_CAPTURE_AUTORELEASING = YES;
				CLANG_WARN_BOOL_CONVERSION = YES;
				CLANG_WARN_COMMA = YES;
				CLANG_WARN_CONSTANT_CONVERSION = YES;
				CLANG_WARN_DEPRECATED_OBJC_IMPLEMENTATIONS = YES;
				CLANG_WARN_DIRECT_OBJC_ISA_USAGE = YES_ERROR;
				CLANG_WARN_DOCUMENTATION_COMMENTS = YES;
				CLANG_WARN_EMPTY_BODY = YES;
				CLANG_WARN_ENUM_CONVERSION = YES;
				CLANG_WARN_INFINITE_RECURSION = YES;
				CLANG_WARN_INT_CONVERSION = YES;
				CLANG_WARN_NON_LITERAL_NULL_CONVERSION = YES;
				CLANG_WARN_OBJC_IMPLICIT_RETAIN_SELF = YES;
				CLANG_WARN_OBJC_LITERAL_CONVERSION = YES;
				CLANG_WARN_OBJC_ROOT_CLASS = YES_ERROR;
				CLANG_WARN_QUOTED_INCLUDE_IN_FRAMEWORK_HEADER = YES;
				CLANG_WARN_RANGE_LOOP_ANALYSIS = YES;
				CLANG_WARN_STRICT_PROTOTYPES = YES;
				CLANG_WARN_SUSPICIOUS_MOVE = YES;
				CLANG_WARN_UNGUARDED_AVAILABILITY = YES_AGGRESSIVE;
				CLANG_WARN_UNREACHABLE_CODE = YES;
				CLANG_WARN__DUPLICATE_METHOD_MATCH = YES;
				COPY_PHASE_STRIP = NO;
				DEBUG_INFORMATION_FORMAT = "dwarf-with-dsym";
				ENABLE_NS_ASSERTIONS = NO;
				ENABLE_STRICT_OBJC_MSGSEND = YES;
				GCC_C_LANGUAGE_STANDARD = gnu11;
				GCC_NO_COMMON_BLOCKS = YES;
				GCC_WARN_64_TO_32_BIT_CONVERSION = YES;
				GCC_WARN_ABOUT_RETURN_TYPE = YES_ERROR;
				GCC_WARN_UNDECLARED_SELECTOR = YES;
				GCC_WARN_UNINITIALIZED_AUTOS = YES_AGGRESSIVE;
				GCC_WARN_UNUSED_FUNCTION = YES;
				GCC_WARN_UNUSED_VARIABLE = YES;
				MACOSX_DEPLOYMENT_TARGET = 13.3;
				MTL_ENABLE_DEBUG_INFO = NO;
				MTL_FAST_MATH = YES;
				SDKROOT = macosx;
				SWIFT_COMPILATION_MODE = wholemodule;
				SWIFT_OPTIMIZATION_LEVEL = "-O";
			};
			name = Release;
		};
		C7BF818C2AB7CED70073104E /* Debug */ = {
			isa = XCBuildConfiguration;
			buildSettings = {
				ASSETCATALOG_COMPILER_APPICON_NAME = AppIcon;
				ASSETCATALOG_COMPILER_GLOBAL_ACCENT_COLOR_NAME = AccentColor;
				CODE_SIGN_ENTITLEMENTS = "Link Saver/Link_Saver.entitlements";
				CODE_SIGN_STYLE = Automatic;
				COMBINE_HIDPI_IMAGES = YES;
				CURRENT_PROJECT_VERSION = 1;
				DEVELOPMENT_ASSET_PATHS = "\"Link Saver/Preview Content\"";
				ENABLE_PREVIEWS = YES;
				GENERATE_INFOPLIST_FILE = YES;
				INFOPLIST_FILE = "Link-Saver-Info.plist";
				INFOPLIST_KEY_NSHumanReadableCopyright = "";
				LD_RUNPATH_SEARCH_PATHS = (
					"$(inherited)",
					"@executable_path/../Frameworks",
				);
				MARKETING_VERSION = 1.0;
				PRODUCT_BUNDLE_IDENTIFIER = "com.mathias-wittig.Link-Saver";
				PRODUCT_NAME = "$(TARGET_NAME)";
				SWIFT_EMIT_LOC_STRINGS = YES;
				SWIFT_VERSION = 5.0;
			};
			name = Debug;
		};
		C7BF818D2AB7CED70073104E /* Release */ = {
			isa = XCBuildConfiguration;
			buildSettings = {
				ASSETCATALOG_COMPILER_APPICON_NAME = AppIcon;
				ASSETCATALOG_COMPILER_GLOBAL_ACCENT_COLOR_NAME = AccentColor;
				CODE_SIGN_ENTITLEMENTS = "Link Saver/Link_Saver.entitlements";
				CODE_SIGN_STYLE = Automatic;
				COMBINE_HIDPI_IMAGES = YES;
				CURRENT_PROJECT_VERSION = 1;
				DEVELOPMENT_ASSET_PATHS = "\"Link Saver/Preview Content\"";
				ENABLE_PREVIEWS = YES;
				GENERATE_INFOPLIST_FILE = YES;
				INFOPLIST_FILE = "Link-Saver-Info.plist";
				INFOPLIST_KEY_NSHumanReadableCopyright = "";
				LD_RUNPATH_SEARCH_PATHS = (
					"$(inherited)",
					"@executable_path/../Frameworks",
				);
				MARKETING_VERSION = 1.0;
				PRODUCT_BUNDLE_IDENTIFIER = "com.mathias-wittig.Link-Saver";
				PRODUCT_NAME = "$(TARGET_NAME)";
				SWIFT_EMIT_LOC_STRINGS = YES;
				SWIFT_VERSION = 5.0;
			};
			name = Release;
		};
		C7BF818F2AB7CED70073104E /* Debug */ = {
			isa = XCBuildConfiguration;
			buildSettings = {
				ALWAYS_EMBED_SWIFT_STANDARD_LIBRARIES = YES;
				BUNDLE_LOADER = "$(TEST_HOST)";
				CODE_SIGN_STYLE = Automatic;
				CURRENT_PROJECT_VERSION = 1;
				GENERATE_INFOPLIST_FILE = YES;
				MACOSX_DEPLOYMENT_TARGET = 13.3;
				MARKETING_VERSION = 1.0;
				PRODUCT_BUNDLE_IDENTIFIER = "com.mathias-wittig.Link-SaverTests";
				PRODUCT_NAME = "$(TARGET_NAME)";
				SWIFT_EMIT_LOC_STRINGS = NO;
				SWIFT_VERSION = 5.0;
				TEST_HOST = "$(BUILT_PRODUCTS_DIR)/Link Saver.app/$(BUNDLE_EXECUTABLE_FOLDER_PATH)/Link Saver";
			};
			name = Debug;
		};
		C7BF81902AB7CED70073104E /* Release */ = {
			isa = XCBuildConfiguration;
			buildSettings = {
				ALWAYS_EMBED_SWIFT_STANDARD_LIBRARIES = YES;
				BUNDLE_LOADER = "$(TEST_HOST)";
				CODE_SIGN_STYLE = Automatic;
				CURRENT_PROJECT_VERSION = 1;
				GENERATE_INFOPLIST_FILE = YES;
				MACOSX_DEPLOYMENT_TARGET = 13.3;
				MARKETING_VERSION = 1.0;
				PRODUCT_BUNDLE_IDENTIFIER = "com.mathias-wittig.Link-SaverTests";
				PRODUCT_NAME = "$(TARGET_NAME)";
				SWIFT_EMIT_LOC_STRINGS = NO;
				SWIFT_VERSION = 5.0;
				TEST_HOST = "$(BUILT_PRODUCTS_DIR)/Link Saver.app/$(BUNDLE_EXECUTABLE_FOLDER_PATH)/Link Saver";
			};
			name = Release;
		};
		C7BF81922AB7CED70073104E /* Debug */ = {
			isa = XCBuildConfiguration;
			buildSettings = {
				ALWAYS_EMBED_SWIFT_STANDARD_LIBRARIES = YES;
				CODE_SIGN_STYLE = Automatic;
				CURRENT_PROJECT_VERSION = 1;
				GENERATE_INFOPLIST_FILE = YES;
				MARKETING_VERSION = 1.0;
				PRODUCT_BUNDLE_IDENTIFIER = "com.mathias-wittig.Link-SaverUITests";
				PRODUCT_NAME = "$(TARGET_NAME)";
				SWIFT_EMIT_LOC_STRINGS = NO;
				SWIFT_VERSION = 5.0;
				TEST_TARGET_NAME = "Link Saver";
			};
			name = Debug;
		};
		C7BF81932AB7CED70073104E /* Release */ = {
			isa = XCBuildConfiguration;
			buildSettings = {
				ALWAYS_EMBED_SWIFT_STANDARD_LIBRARIES = YES;
				CODE_SIGN_STYLE = Automatic;
				CURRENT_PROJECT_VERSION = 1;
				GENERATE_INFOPLIST_FILE = YES;
				MARKETING_VERSION = 1.0;
				PRODUCT_BUNDLE_IDENTIFIER = "com.mathias-wittig.Link-SaverUITests";
				PRODUCT_NAME = "$(TARGET_NAME)";
				SWIFT_EMIT_LOC_STRINGS = NO;
				SWIFT_VERSION = 5.0;
				TEST_TARGET_NAME = "Link Saver";
			};
			name = Release;
		};
/* End XCBuildConfiguration section */

/* Begin XCConfigurationList section */
		C7BF81612AB7CED50073104E /* Build configuration list for PBXProject "Link Saver" */ = {
			isa = XCConfigurationList;
			buildConfigurations = (
				C7BF81892AB7CED70073104E /* Debug */,
				C7BF818A2AB7CED70073104E /* Release */,
			);
			defaultConfigurationIsVisible = 0;
			defaultConfigurationName = Release;
		};
		C7BF818B2AB7CED70073104E /* Build configuration list for PBXNativeTarget "Link Saver" */ = {
			isa = XCConfigurationList;
			buildConfigurations = (
				C7BF818C2AB7CED70073104E /* Debug */,
				C7BF818D2AB7CED70073104E /* Release */,
			);
			defaultConfigurationIsVisible = 0;
			defaultConfigurationName = Release;
		};
		C7BF818E2AB7CED70073104E /* Build configuration list for PBXNativeTarget "Link SaverTests" */ = {
			isa = XCConfigurationList;
			buildConfigurations = (
				C7BF818F2AB7CED70073104E /* Debug */,
				C7BF81902AB7CED70073104E /* Release */,
			);
			defaultConfigurationIsVisible = 0;
			defaultConfigurationName = Release;
		};
		C7BF81912AB7CED70073104E /* Build configuration list for PBXNativeTarget "Link SaverUITests" */ = {
			isa = XCConfigurationList;
			buildConfigurations = (
				C7BF81922AB7CED70073104E /* Debug */,
				C7BF81932AB7CED70073104E /* Release */,
			);
			defaultConfigurationIsVisible = 0;
			defaultConfigurationName = Release;
		};
/* End XCConfigurationList section */
	};
	rootObject = C7BF815E2AB7CED50073104E /* Project object */;
}
